
Microsoft Visual Studio Solution File, Format Version 12.00
Project("{FAE04EC0-301F-11D3-BF4B-00C04F79EFBC}") = "Ele.Extensions.Configuration", "Ele.Extensions.Configuration\Ele.Extensions.Configuration.csproj", "{3DBEB551-E066-4265-BFB6-AC418849F925}"
EndProject
Global
	GlobalSection(SolutionConfigurationPlatforms) = preSolution
		Debug|Any CPU = Debug|Any CPU
		Release|Any CPU = Release|Any CPU
	EndGlobalSection
	GlobalSection(ProjectConfigurationPlatforms) = postSolution
		{3DBEB551-E066-4265-BFB6-AC418849F925}.Debug|Any CPU.ActiveCfg = Debug|Any CPU
		{3DBEB551-E066-4265-BFB6-AC418849F925}.Debug|Any CPU.Build.0 = Debug|Any CPU
		{3DBEB551-E066-4265-BFB6-AC418849F925}.Release|Any CPU.ActiveCfg = Release|Any CPU
		{3DBEB551-E066-4265-BFB6-AC418849F925}.Release|Any CPU.Build.0 = Release|Any CPU
	EndGlobalSection
EndGlobal
